// !$*UTF8*$!
{
	archiveVersion = 1;
	classes = {
	};
	objectVersion = 46;
	objects = {

/* Begin PBXBuildFile section */
		A93CF4A51CB64517007958BE /* main.m in Sources */ = {isa = PBXBuildFile; fileRef = A93CF4A41CB64517007958BE /* main.m */; };
		A93CF4A81CB64517007958BE /* AppDelegate.m in Sources */ = {isa = PBXBuildFile; fileRef = A93CF4A71CB64517007958BE /* AppDelegate.m */; };
		A93CF4AB1CB64517007958BE /* ViewController.m in Sources */ = {isa = PBXBuildFile; fileRef = A93CF4AA1CB64517007958BE /* ViewController.m */; };
		A93CF4AE1CB64517007958BE /* Main.storyboard in Resources */ = {isa = PBXBuildFile; fileRef = A93CF4AC1CB64517007958BE /* Main.storyboard */; };
		A93CF4B01CB64517007958BE /* Assets.xcassets in Resources */ = {isa = PBXBuildFile; fileRef = A93CF4AF1CB64517007958BE /* Assets.xcassets */; };
		A93CF4B31CB64517007958BE /* LaunchScreen.storyboard in Resources */ = {isa = PBXBuildFile; fileRef = A93CF4B11CB64517007958BE /* LaunchScreen.storyboard */; };
		A93CF4BE1CB64517007958BE /* StrategyPatternTests.m in Sources */ = {isa = PBXBuildFile; fileRef = A93CF4BD1CB64517007958BE /* StrategyPatternTests.m */; };
		A93CF4C91CB64517007958BE /* StrategyPatternUITests.m in Sources */ = {isa = PBXBuildFile; fileRef = A93CF4C81CB64517007958BE /* StrategyPatternUITests.m */; };
/* End PBXBuildFile section */

/* Begin PBXContainerItemProxy section */
		A93CF4BA1CB64517007958BE /* PBXContainerItemProxy */ = {
			isa = PBXContainerItemProxy;
			containerPortal = A93CF4981CB64517007958BE /* Project object */;
			proxyType = 1;
			remoteGlobalIDString = A93CF49F1CB64517007958BE;
			remoteInfo = StrategyPattern;
		};
		A93CF4C51CB64517007958BE /* PBXContainerItemProxy */ = {
			isa = PBXContainerItemProxy;
			containerPortal = A93CF4981CB64517007958BE /* Project object */;
			proxyType = 1;
			remoteGlobalIDString = A93CF49F1CB64517007958BE;
			remoteInfo = StrategyPattern;
		};
/* End PBXContainerItemProxy section */

/* Begin PBXFileReference section */
		A93CF4A01CB64517007958BE /* StrategyPattern.app */ = {isa = PBXFileReference; explicitFileType = wrapper.application; includeInIndex = 0; path = StrategyPattern.app; sourceTree = BUILT_PRODUCTS_DIR; };
		A93CF4A41CB64517007958BE /* main.m */ = {isa = PBXFileReference; lastKnownFileType = sourcecode.c.objc; path = main.m; sourceTree = "<group>"; };
		A93CF4A61CB64517007958BE /* AppDelegate.h */ = {isa = PBXFileReference; lastKnownFileType = sourcecode.c.h; path = AppDelegate.h; sourceTree = "<group>"; };
		A93CF4A71CB64517007958BE /* AppDelegate.m */ = {isa = PBXFileReference; lastKnownFileType = sourcecode.c.objc; path = AppDelegate.m; sourceTree = "<group>"; };
		A93CF4A91CB64517007958BE /* ViewController.h */ = {isa = PBXFileReference; lastKnownFileType = sourcecode.c.h; path = ViewController.h; sourceTree = "<group>"; };
		A93CF4AA1CB64517007958BE /* ViewController.m */ = {isa = PBXFileReference; lastKnownFileType = sourcecode.c.objc; path = ViewController.m; sourceTree = "<group>"; };
		A93CF4AD1CB64517007958BE /* Base */ = {isa = PBXFileReference; lastKnownFileType = file.storyboard; name = Base; path = Base.lproj/Main.storyboard; sourceTree = "<group>"; };
		A93CF4AF1CB64517007958BE /* Assets.xcassets */ = {isa = PBXFileReference; lastKnownFileType = folder.assetcatalog; path = Assets.xcassets; sourceTree = "<group>"; };
		A93CF4B21CB64517007958BE /* Base */ = {isa = PBXFileReference; lastKnownFileType = file.storyboard; name = Base; path = Base.lproj/LaunchScreen.storyboard; sourceTree = "<group>"; };
		A93CF4B41CB64517007958BE /* Info.plist */ = {isa = PBXFileReference; lastKnownFileType = text.plist.xml; path = Info.plist; sourceTree = "<group>"; };
		A93CF4B91CB64517007958BE /* StrategyPatternTests.xctest */ = {isa = PBXFileReference; explicitFileType = wrapper.cfbundle; includeInIndex = 0; path = StrategyPatternTests.xctest; sourceTree = BUILT_PRODUCTS_DIR; };
		A93CF4BD1CB64517007958BE /* StrategyPatternTests.m */ = {isa = PBXFileReference; lastKnownFileType = sourcecode.c.objc; path = StrategyPatternTests.m; sourceTree = "<group>"; };
		A93CF4BF1CB64517007958BE /* Info.plist */ = {isa = PBXFileReference; lastKnownFileType = text.plist.xml; path = Info.plist; sourceTree = "<group>"; };
		A93CF4C41CB64517007958BE /* StrategyPatternUITests.xctest */ = {isa = PBXFileReference; explicitFileType = wrapper.cfbundle; includeInIndex = 0; path = StrategyPatternUITests.xctest; sourceTree = BUILT_PRODUCTS_DIR; };
		A93CF4C81CB64517007958BE /* StrategyPatternUITests.m */ = {isa = PBXFileReference; lastKnownFileType = sourcecode.c.objc; path = StrategyPatternUITests.m; sourceTree = "<group>"; };
		A93CF4CA1CB64517007958BE /* Info.plist */ = {isa = PBXFileReference; lastKnownFileType = text.plist.xml; path = Info.plist; sourceTree = "<group>"; };
/* End PBXFileReference section */

/* Begin PBXFrameworksBuildPhase section */
		A93CF49D1CB64517007958BE /* Frameworks */ = {
			isa = PBXFrameworksBuildPhase;
			buildActionMask = 2147483647;
			files = (
			);
			runOnlyForDeploymentPostprocessing = 0;
		};
		A93CF4B61CB64517007958BE /* Frameworks */ = {
			isa = PBXFrameworksBuildPhase;
			buildActionMask = 2147483647;
			files = (
			);
			runOnlyForDeploymentPostprocessing = 0;
		};
		A93CF4C11CB64517007958BE /* Frameworks */ = {
			isa = PBXFrameworksBuildPhase;
			buildActionMask = 2147483647;
			files = (
			);
			runOnlyForDeploymentPostprocessing = 0;
		};
/* End PBXFrameworksBuildPhase section */

/* Begin PBXGroup section */
		A93CF4971CB64517007958BE = {
			isa = PBXGroup;
			children = (
				A93CF4A21CB64517007958BE /* StrategyPattern */,
				A93CF4BC1CB64517007958BE /* StrategyPatternTests */,
				A93CF4C71CB64517007958BE /* StrategyPatternUITests */,
				A93CF4A11CB64517007958BE /* Products */,
			);
			sourceTree = "<group>";
		};
		A93CF4A11CB64517007958BE /* Products */ = {
			isa = PBXGroup;
			children = (
				A93CF4A01CB64517007958BE /* StrategyPattern.app */,
				A93CF4B91CB64517007958BE /* StrategyPatternTests.xctest */,
				A93CF4C41CB64517007958BE /* StrategyPatternUITests.xctest */,
			);
			name = Products;
			sourceTree = "<group>";
		};
		A93CF4A21CB64517007958BE /* StrategyPattern */ = {
			isa = PBXGroup;
			children = (
				A93CF4A61CB64517007958BE /* AppDelegate.h */,
				A93CF4A71CB64517007958BE /* AppDelegate.m */,
				A93CF4A91CB64517007958BE /* ViewController.h */,
				A93CF4AA1CB64517007958BE /* ViewController.m */,
				A93CF4AC1CB64517007958BE /* Main.storyboard */,
				A93CF4AF1CB64517007958BE /* Assets.xcassets */,
				A93CF4B11CB64517007958BE /* LaunchScreen.storyboard */,
				A93CF4B41CB64517007958BE /* Info.plist */,
				A93CF4A31CB64517007958BE /* Supporting Files */,
			);
			path = StrategyPattern;
			sourceTree = "<group>";
		};
		A93CF4A31CB64517007958BE /* Supporting Files */ = {
			isa = PBXGroup;
			children = (
				A93CF4A41CB64517007958BE /* main.m */,
			);
			name = "Supporting Files";
			sourceTree = "<group>";
		};
		A93CF4BC1CB64517007958BE /* StrategyPatternTests */ = {
			isa = PBXGroup;
			children = (
				A93CF4BD1CB64517007958BE /* StrategyPatternTests.m */,
				A93CF4BF1CB64517007958BE /* Info.plist */,
			);
			path = StrategyPatternTests;
			sourceTree = "<group>";
		};
		A93CF4C71CB64517007958BE /* StrategyPatternUITests */ = {
			isa = PBXGroup;
			children = (
				A93CF4C81CB64517007958BE /* StrategyPatternUITests.m */,
				A93CF4CA1CB64517007958BE /* Info.plist */,
			);
			path = StrategyPatternUITests;
			sourceTree = "<group>";
		};
/* End PBXGroup section */

/* Begin PBXNativeTarget section */
		A93CF49F1CB64517007958BE /* StrategyPattern */ = {
			isa = PBXNativeTarget;
			buildConfigurationList = A93CF4CD1CB64517007958BE /* Build configuration list for PBXNativeTarget "StrategyPattern" */;
			buildPhases = (
				A93CF49C1CB64517007958BE /* Sources */,
				A93CF49D1CB64517007958BE /* Frameworks */,
				A93CF49E1CB64517007958BE /* Resources */,
			);
			buildRules = (
			);
			dependencies = (
			);
			name = StrategyPattern;
			productName = StrategyPattern;
			productReference = A93CF4A01CB64517007958BE /* StrategyPattern.app */;
			productType = "com.apple.product-type.application";
		};
		A93CF4B81CB64517007958BE /* StrategyPatternTests */ = {
			isa = PBXNativeTarget;
			buildConfigurationList = A93CF4D01CB64517007958BE /* Build configuration list for PBXNativeTarget "StrategyPatternTests" */;
			buildPhases = (
				A93CF4B51CB64517007958BE /* Sources */,
				A93CF4B61CB64517007958BE /* Frameworks */,
				A93CF4B71CB64517007958BE /* Resources */,
			);
			buildRules = (
			);
			dependencies = (
				A93CF4BB1CB64517007958BE /* PBXTargetDependency */,
			);
			name = StrategyPatternTests;
			productName = StrategyPatternTests;
			productReference = A93CF4B91CB64517007958BE /* StrategyPatternTests.xctest */;
			productType = "com.apple.product-type.bundle.unit-test";
		};
		A93CF4C31CB64517007958BE /* StrategyPatternUITests */ = {
			isa = PBXNativeTarget;
			buildConfigurationList = A93CF4D31CB64517007958BE /* Build configuration list for PBXNativeTarget "StrategyPatternUITests" */;
			buildPhases = (
				A93CF4C01CB64517007958BE /* Sources */,
				A93CF4C11CB64517007958BE /* Frameworks */,
				A93CF4C21CB64517007958BE /* Resources */,
			);
			buildRules = (
			);
			dependencies = (
				A93CF4C61CB64517007958BE /* PBXTargetDependency */,
			);
			name = StrategyPatternUITests;
			productName = StrategyPatternUITests;
			productReference = A93CF4C41CB64517007958BE /* StrategyPatternUITests.xctest */;
			productType = "com.apple.product-type.bundle.ui-testing";
		};
/* End PBXNativeTarget section */

/* Begin PBXProject section */
		A93CF4981CB64517007958BE /* Project object */ = {
			isa = PBXProject;
			attributes = {
				LastUpgradeCheck = 0730;
				ORGANIZATIONNAME = Wieye;
				TargetAttributes = {
					A93CF49F1CB64517007958BE = {
						CreatedOnToolsVersion = 7.3;
					};
					A93CF4B81CB64517007958BE = {
						CreatedOnToolsVersion = 7.3;
						TestTargetID = A93CF49F1CB64517007958BE;
					};
					A93CF4C31CB64517007958BE = {
						CreatedOnToolsVersion = 7.3;
						TestTargetID = A93CF49F1CB64517007958BE;
					};
				};
			};
			buildConfigurationList = A93CF49B1CB64517007958BE /* Build configuration list for PBXProject "StrategyPattern" */;
			compatibilityVersion = "Xcode 3.2";
			developmentRegion = English;
			hasScannedForEncodings = 0;
			knownRegions = (
				en,
				Base,
			);
			mainGroup = A93CF4971CB64517007958BE;
			productRefGroup = A93CF4A11CB64517007958BE /* Products */;
			projectDirPath = "";
			projectRoot = "";
			targets = (
				A93CF49F1CB64517007958BE /* StrategyPattern */,
				A93CF4B81CB64517007958BE /* StrategyPatternTests */,
				A93CF4C31CB64517007958BE /* StrategyPatternUITests */,
			);
		};
/* End PBXProject section */

/* Begin PBXResourcesBuildPhase section */
		A93CF49E1CB64517007958BE /* Resources */ = {
			isa = PBXResourcesBuildPhase;
			buildActionMask = 2147483647;
			files = (
				A93CF4B31CB64517007958BE /* LaunchScreen.storyboard in Resources */,
				A93CF4B01CB64517007958BE /* Assets.xcassets in Resources */,
				A93CF4AE1CB64517007958BE /* Main.storyboard in Resources */,
			);
			runOnlyForDeploymentPostprocessing = 0;
		};
		A93CF4B71CB64517007958BE /* Resources */ = {
			isa = PBXResourcesBuildPhase;
			buildActionMask = 2147483647;
			files = (
			);
			runOnlyForDeploymentPostprocessing = 0;
		};
		A93CF4C21CB64517007958BE /* Resources */ = {
			isa = PBXResourcesBuildPhase;
			buildActionMask = 2147483647;
			files = (
			);
			runOnlyForDeploymentPostprocessing = 0;
		};
/* End PBXResourcesBuildPhase section */

/* Begin PBXSourcesBuildPhase section */
		A93CF49C1CB64517007958BE /* Sources */ = {
			isa = PBXSourcesBuildPhase;
			buildActionMask = 2147483647;
			files = (
				A93CF4AB1CB64517007958BE /* ViewController.m in Sources */,
				A93CF4A81CB64517007958BE /* AppDelegate.m in Sources */,
				A93CF4A51CB64517007958BE /* main.m in Sources */,
			);
			runOnlyForDeploymentPostprocessing = 0;
		};
		A93CF4B51CB64517007958BE /* Sources */ = {
			isa = PBXSourcesBuildPhase;
			buildActionMask = 2147483647;
			files = (
				A93CF4BE1CB64517007958BE /* StrategyPatternTests.m in Sources */,
			);
			runOnlyForDeploymentPostprocessing = 0;
		};
		A93CF4C01CB64517007958BE /* Sources */ = {
			isa = PBXSourcesBuildPhase;
			buildActionMask = 2147483647;
			files = (
				A93CF4C91CB64517007958BE /* StrategyPatternUITests.m in Sources */,
			);
			runOnlyForDeploymentPostprocessing = 0;
		};
/* End PBXSourcesBuildPhase section */

/* Begin PBXTargetDependency section */
		A93CF4BB1CB64517007958BE /* PBXTargetDependency */ = {
			isa = PBXTargetDependency;
			target = A93CF49F1CB64517007958BE /* StrategyPattern */;
			targetProxy = A93CF4BA1CB64517007958BE /* PBXContainerItemProxy */;
		};
		A93CF4C61CB64517007958BE /* PBXTargetDependency */ = {
			isa = PBXTargetDependency;
			target = A93CF49F1CB64517007958BE /* StrategyPattern */;
			targetProxy = A93CF4C51CB64517007958BE /* PBXContainerItemProxy */;
		};
/* End PBXTargetDependency section */

/* Begin PBXVariantGroup section */
		A93CF4AC1CB64517007958BE /* Main.storyboard */ = {
			isa = PBXVariantGroup;
			children = (
				A93CF4AD1CB64517007958BE /* Base */,
			);
			name = Main.storyboard;
			sourceTree = "<group>";
		};
		A93CF4B11CB64517007958BE /* LaunchScreen.storyboard */ = {
			isa = PBXVariantGroup;
			children = (
				A93CF4B21CB64517007958BE /* Base */,
			);
			name = LaunchScreen.storyboard;
			sourceTree = "<group>";
		};
/* End PBXVariantGroup section */

/* Begin XCBuildConfiguration section */
		A93CF4CB1CB64517007958BE /* Debug */ = {
			isa = XCBuildConfiguration;
			buildSettings = {
				ALWAYS_SEARCH_USER_PATHS = NO;
				CLANG_ANALYZER_NONNULL = YES;
				CLANG_CXX_LANGUAGE_STANDARD = "gnu++0x";
				CLANG_CXX_LIBRARY = "libc++";
				CLANG_ENABLE_MODULES = YES;
				CLANG_ENABLE_OBJC_ARC = YES;
				CLANG_WARN_BOOL_CONVERSION = YES;
				CLANG_WARN_CONSTANT_CONVERSION = YES;
				CLANG_WARN_DIRECT_OBJC_ISA_USAGE = YES_ERROR;
				CLANG_WARN_EMPTY_BODY = YES;
				CLANG_WARN_ENUM_CONVERSION = YES;
				CLANG_WARN_INT_CONVERSION = YES;
				CLANG_WARN_OBJC_ROOT_CLASS = YES_ERROR;
				CLANG_WARN_UNREACHABLE_CODE = YES;
				CLANG_WARN__DUPLICATE_METHOD_MATCH = YES;
				"CODE_SIGN_IDENTITY[sdk=iphoneos*]" = "iPhone Developer";
				COPY_PHASE_STRIP = NO;
				DEBUG_INFORMATION_FORMAT = dwarf;
				ENABLE_STRICT_OBJC_MSGSEND = YES;
				ENABLE_TESTABILITY = YES;
				GCC_C_LANGUAGE_STANDARD = gnu99;
				GCC_DYNAMIC_NO_PIC = NO;
				GCC_NO_COMMON_BLOCKS = YES;
				GCC_OPTIMIZATION_LEVEL = 0;
				GCC_PREPROCESSOR_DEFINITIONS = (
					"DEBUG=1",
					"$(inherited)",
				);
				GCC_WARN_64_TO_32_BIT_CONVERSION = YES;
				GCC_WARN_ABOUT_RETURN_TYPE = YES_ERROR;
				GCC_WARN_UNDECLARED_SELECTOR = YES;
				GCC_WARN_UNINITIALIZED_AUTOS = YES_AGGRESSIVE;
				GCC_WARN_UNUSED_FUNCTION = YES;
				GCC_WARN_UNUSED_VARIABLE = YES;
				IPHONEOS_DEPLOYMENT_TARGET = 9.3;
				MTL_ENABLE_DEBUG_INFO = YES;
				ONLY_ACTIVE_ARCH = YES;
				SDKROOT = iphoneos;
			};
			name = Debug;
		};
		A93CF4CC1CB64517007958BE /* Release */ = {
			isa = XCBuildConfiguration;
			buildSettings = {
				ALWAYS_SEARCH_USER_PATHS = NO;
				CLANG_ANALYZER_NONNULL = YES;
				CLANG_CXX_LANGUAGE_STANDARD = "gnu++0x";
				CLANG_CXX_LIBRARY = "libc++";
				CLANG_ENABLE_MODULES = YES;
				CLANG_ENABLE_OBJC_ARC = YES;
				CLANG_WARN_BOOL_CONVERSION = YES;
				CLANG_WARN_CONSTANT_CONVERSION = YES;
				CLANG_WARN_DIRECT_OBJC_ISA_USAGE = YES_ERROR;
				CLANG_WARN_EMPTY_BODY = YES;
				CLANG_WARN_ENUM_CONVERSION = YES;
				CLANG_WARN_INT_CONVERSION = YES;
				CLANG_WARN_OBJC_ROOT_CLASS = YES_ERROR;
				CLANG_WARN_UNREACHABLE_CODE = YES;
				CLANG_WARN__DUPLICATE_METHOD_MATCH = YES;
				"CODE_SIGN_IDENTITY[sdk=iphoneos*]" = "iPhone Developer";
				COPY_PHASE_STRIP = NO;
				DEBUG_INFORMATION_FORMAT = "dwarf-with-dsym";
				ENABLE_NS_ASSERTIONS = NO;
				ENABLE_STRICT_OBJC_MSGSEND = YES;
				GCC_C_LANGUAGE_STANDARD = gnu99;
				GCC_NO_COMMON_BLOCKS = YES;
				GCC_WARN_64_TO_32_BIT_CONVERSION = YES;
				GCC_WARN_ABOUT_RETURN_TYPE = YES_ERROR;
				GCC_WARN_UNDECLARED_SELECTOR = YES;
				GCC_WARN_UNINITIALIZED_AUTOS = YES_AGGRESSIVE;
				GCC_WARN_UNUSED_FUNCTION = YES;
				GCC_WARN_UNUSED_VARIABLE = YES;
				IPHONEOS_DEPLOYMENT_TARGET = 9.3;
				MTL_ENABLE_DEBUG_INFO = NO;
				SDKROOT = iphoneos;
				VALIDATE_PRODUCT = YES;
			};
			name = Release;
		};
		A93CF4CE1CB64517007958BE /* Debug */ = {
			isa = XCBuildConfiguration;
			buildSettings = {
				ASSETCATALOG_COMPILER_APPICON_NAME = AppIcon;
				INFOPLIST_FILE = StrategyPattern/Info.plist;
				LD_RUNPATH_SEARCH_PATHS = "$(inherited) @executable_path/Frameworks";
				PRODUCT_BUNDLE_IDENTIFIER = com.Wieye.StrategyPattern;
				PRODUCT_NAME = "$(TARGET_NAME)";
			};
			name = Debug;
		};
		A93CF4CF1CB64517007958BE /* Release */ = {
			isa = XCBuildConfiguration;
			buildSettings = {
				ASSETCATALOG_COMPILER_APPICON_NAME = AppIcon;
				INFOPLIST_FILE = StrategyPattern/Info.plist;
				LD_RUNPATH_SEARCH_PATHS = "$(inherited) @executable_path/Frameworks";
				PRODUCT_BUNDLE_IDENTIFIER = com.Wieye.StrategyPattern;
				PRODUCT_NAME = "$(TARGET_NAME)";
			};
			name = Release;
		};
		A93CF4D11CB64517007958BE /* Debug */ = {
			isa = XCBuildConfiguration;
			buildSettings = {
				BUNDLE_LOADER = "$(TEST_HOST)";
				INFOPLIST_FILE = StrategyPatternTests/Info.plist;
				LD_RUNPATH_SEARCH_PATHS = "$(inherited) @executable_path/Frameworks @loader_path/Frameworks";
				PRODUCT_BUNDLE_IDENTIFIER = com.Wieye.StrategyPatternTests;
				PRODUCT_NAME = "$(TARGET_NAME)";
				TEST_HOST = "$(BUILT_PRODUCTS_DIR)/StrategyPattern.app/StrategyPattern";
			};
			name = Debug;
		};
		A93CF4D21CB64517007958BE /* Release */ = {
			isa = XCBuildConfiguration;
			buildSettings = {
				BUNDLE_LOADER = "$(TEST_HOST)";
				INFOPLIST_FILE = StrategyPatternTests/Info.plist;
				LD_RUNPATH_SEARCH_PATHS = "$(inherited) @executable_path/Frameworks @loader_path/Frameworks";
				PRODUCT_BUNDLE_IDENTIFIER = com.Wieye.StrategyPatternTests;
				PRODUCT_NAME = "$(TARGET_NAME)";
				TEST_HOST = "$(BUILT_PRODUCTS_DIR)/StrategyPattern.app/StrategyPattern";
			};
			name = Release;
		};
		A93CF4D41CB64517007958BE /* Debug */ = {
			isa = XCBuildConfiguration;
			buildSettings = {
				INFOPLIST_FILE = StrategyPatternUITests/Info.plist;
				LD_RUNPATH_SEARCH_PATHS = "$(inherited) @executable_path/Frameworks @loader_path/Frameworks";
				PRODUCT_BUNDLE_IDENTIFIER = com.Wieye.StrategyPatternUITests;
				PRODUCT_NAME = "$(TARGET_NAME)";
				TEST_TARGET_NAME = StrategyPattern;
			};
			name = Debug;
		};
		A93CF4D51CB64517007958BE /* Release */ = {
			isa = XCBuildConfiguration;
			buildSettings = {
				INFOPLIST_FILE = StrategyPatternUITests/Info.plist;
				LD_RUNPATH_SEARCH_PATHS = "$(inherited) @executable_path/Frameworks @loader_path/Frameworks";
				PRODUCT_BUNDLE_IDENTIFIER = com.Wieye.StrategyPatternUITests;
				PRODUCT_NAME = "$(TARGET_NAME)";
				TEST_TARGET_NAME = StrategyPattern;
			};
			name = Release;
		};
/* End XCBuildConfiguration section */

/* Begin XCConfigurationList section */
		A93CF49B1CB64517007958BE /* Build configuration list for PBXProject "StrategyPattern" */ = {
			isa = XCConfigurationList;
			buildConfigurations = (
				A93CF4CB1CB64517007958BE /* Debug */,
				A93CF4CC1CB64517007958BE /* Release */,
			);
			defaultConfigurationIsVisible = 0;
			defaultConfigurationName = Release;
		};
		A93CF4CD1CB64517007958BE /* Build configuration list for PBXNativeTarget "StrategyPattern" */ = {
			isa = XCConfigurationList;
			buildConfigurations = (
				A93CF4CE1CB64517007958BE /* Debug */,
				A93CF4CF1CB64517007958BE /* Release */,
			);
			defaultConfigurationIsVisible = 0;
		};
		A93CF4D01CB64517007958BE /* Build configuration list for PBXNativeTarget "StrategyPatternTests" */ = {
			isa = XCConfigurationList;
			buildConfigurations = (
				A93CF4D11CB64517007958BE /* Debug */,
				A93CF4D21CB64517007958BE /* Release */,
			);
			defaultConfigurationIsVisible = 0;
		};
		A93CF4D31CB64517007958BE /* Build configuration list for PBXNativeTarget "StrategyPatternUITests" */ = {
			isa = XCConfigurationList;
			buildConfigurations = (
				A93CF4D41CB64517007958BE /* Debug */,
				A93CF4D51CB64517007958BE /* Release */,
			);
			defaultConfigurationIsVisible = 0;
		};
/* End XCConfigurationList section */
	};
	rootObject = A93CF4981CB64517007958BE /* Project object */;
}
